github.com/blacktop/go-dwarf v1.0.14 h1:OjmzfSgg/qAKckn2tWFebcgKgJ7HOqCj7bS+CiE1lrY=
github.com/blacktop/go-dwarf v1.0.14/go.mod h1:4W2FKgSFYcZLDwnR7k+apv5i3nrau4NGl9N6VQ9DSTo=
github.com/blacktop/go-macho v1.1.257 h1:jp6JnoXMl7Qaih+JxV5b8QVoVPL8PRjHN7mPXnrhyek=
github.com/blacktop/go-macho v1.1.257/go.mod h1:Hc5E2Lvt/U1VT+jOxr1O5l/LNFJeMYK4eAmDfazTiGc=
github.com/blang/semver/v4 v4.0.0 h1:1PFHFE6yCCTv8C1TeyNNarDzntLi7wMI5i/pzqYIsAM=
github.com/blang/semver/v4 v4.0.0/go.mod h1:IbckMUScFkM3pff0VJDNKRiT6TG/YpiHIM2yvyW5YoQ=
github.com/bmatcuk/doublestar/v4 v4.10.0 h1:zU9WiOla1YA122oLM6i4EXvGW62DvKZVxIe6TYWexEs=
github.com/bmatcuk/doublestar/v4 v4.10.0/go.mod h1:xBQ8jztBU6kakFMg+8WGxn0c6z1fTSPVIjEY1Wr7jzc=
github.com/capnspacehook/gorepro v0.0.0-20260630214627-57bd635553b9 h1:eM8uGtqiLINtNSX2cxWhoF4PoAP/8JF81bRmBP3AbdY=
github.com/capnspacehook/gorepro v0.0.0-20260630214627-57bd635553b9/go.mod h1:0UR+7T6M5MqZQKXDD/QRA19HcQjiiRl+p2TMArLKT98=
github.com/clipperhouse/uax29/v2 v2.7.0 h1:+gs4oBZ2gPfVrKPthwbMzWZDaAFPGYK72F0NJv2v7Vk=
github.com/clipperhouse/uax29/v2 v2.7.0/go.mod h1:EFJ2TJMRUaplDxHKj1qAEhCtQPW2tJSwu5BF98AuoVM=
github.com/fatih/color v1.19.0 h1:Zp3PiM21/9Ld6FzSKyL5c/BULoe/ONr9KlbYVOfG8+w=
github.com/fatih/color v1.19.0/go.mod h1:zNk67I0ZUT1bEGsSGyCZYZNrHuTkJJB+r6Q9VuMi0LE=
github.com/google/subcommands v1.2.0 h1:vWQspBTo2nEqTUFita5/KeEWlUL8kQObDFbub/EN9oE=
github.com/google/subcommands v1.2.0/go.mod h1:ZjhPrFU+Olkh9WazFPsl27BQ4UPiG37m3yTrtFlrHVk=
github.com/goretk/gore v0.14.1 h1:1LBL32f1c/og0S2eYKV3jjwgXmoXZ6ZH7nUIyTL+jG8=
github.com/goretk/gore v0.14.1/go.mod h1:fY2H5elLdsey9sJKUDhA+QNWfG7VyU2qcVyCShOK9ac=
github.com/loov/goda v0.9.4 h1:57JfIQwfvl7p77UTiKNv1PHnt4JnG2YqD60Mvzmu8NI=
github.com/loov/goda v0.9.4/go.mod h1:Zk0ITd/j2Hys6TFVSowVCmLSw1rKCAfzBe1w3wDHgIE=
github.com/mattn/go-colorable v0.1.14 h1:9A9LHSqF/7dyVVX6g0U9cwm9pG3kP9gSzcuIPHPsaIE=
github.com/mattn/go-colorable v0.1.14/go.mod h1:6LmQG8QLFO4G5z1gPvYEzlUgJ2wF+stgPZH1UqBm1s8=
github.com/mattn/go-isatty v0.0.20 h1:xfD0iDuEKnDkl03q4limB+vH+GxLEtL/jb4xVJSWWEY=
github.com/mattn/go-isatty v0.0.20/go.mod h1:W+V8PltTTMOvKvAeJH7IuucS94S2C6jfK/D7dTCTo3Y=
github.com/mattn/go-runewidth v0.0.21 h1:jJKAZiQH+2mIinzCJIaIG9Be1+0NR+5sz/lYEEjdM8w=
github.com/mattn/go-runewidth v0.0.21/go.mod h1:XBkDxAl56ILZc9knddidhrOlY5R/pDhgLpndooCuJAs=
github.com/mattn/go-shellwords v1.0.12 h1:M2zGm7EW6UQJvDeQxo4T51eKPurbeFbe8WtebGE2xrk=
github.com/mattn/go-shellwords v1.0.12/go.mod h1:EZzvwXDESEeg03EKmM+RmDnNOPKG4lLtQsUlTZDWQ8Y=
github.com/rhysd/actionlint v1.7.12 h1:vQ4GeJN86C0QH+gTUQcs8McmK62OLT3kmakPMtEWYnY=
github.com/rhysd/actionlint v1.7.12/go.mod h1:krOUhujIsJusovkaYzQ/VNH8PFexjNKqU0q5XI/4w+g=
github.com/robfig/cron/v3 v3.0.1 h1:WdRxkvbJztn8LMz/QEvLN5sBU+xKpSqwwUO1Pjr4qDs=
github.com/robfig/cron/v3 v3.0.1/go.mod h1:eQICP3HwyT7UooqI/z+Ov+PtYAWygg1TEWWzGIFLtro=
github.com/spf13/pflag v1.0.10 h1:4EBh2KAYBwaONj6b2Ye1GiHfwjqyROoF4RwYO+vPwFk=
github.com/spf13/pflag v1.0.10/go.mod h1:McXfInJRrz4CZXVZOBLb0bTZqETkiAhM9Iw0y3An2Bg=
go.yaml.in/yaml/v4 v4.0.0-rc.3 h1:3h1fjsh1CTAPjW7q/EMe+C8shx5d8ctzZTrLcs/j8Go=
go.yaml.in/yaml/v4 v4.0.0-rc.3/go.mod h1:aZqd9kCMsGL7AuUv/m/PvWLdg5sjJsZ4oHDEnfPPfY0=
golang.org/x/arch v0.23.0 h1:lKF64A2jF6Zd8L0knGltUnegD62JMFBiCPBmQpToHhg=
golang.org/x/arch v0.23.0/go.mod h1:dNHoOeKiyja7GTvF9NJS1l3Z2yntpQNzgrjh1cU103A=
golang.org/x/image v0.43.0 h1:FLxcP4ec2350nTfOC8ysKtqYSIFbk/QGjw1ZHNP4tsY=
golang.org/x/image v0.43.0/go.mod h1:rrpelvGFt+kLPAjPM4HeWPgrl0FtafueU//e5N0qk/Q=
golang.org/x/mod v0.37.0 h1:vF1DjpVEshcIqoEaauuHebaLk1O1forxjxBaVn884JQ=
golang.org/x/mod v0.37.0/go.mod h1:m8S8VeM9r4dzDwjrKO0a1sZP3YjeMamRRlD+fmR2Q/0=
golang.org/x/mod v0.38.0 h1:MECBjubtXD7yj4HrhIUcywNaGeNVUdfVnxmPajOk4yk=
golang.org/x/mod v0.38.0/go.mod h1:V6Xz0pq8TQ3dGqVQ1FVHuelZpAL0uNhSkk9ogYP3c40=
golang.org/x/sync v0.20.0 h1:e0PTpb7pjO8GAtTs2dQ6jYa5BWYlMuX047Dco/pItO4=
golang.org/x/sync v0.20.0/go.mod h1:9xrNwdLfx4jkKbNva9FpL6vEN7evnE43NNNJQ2LF3+0=
golang.org/x/sync v0.21.0 h1:HLII4xRRTtCRkxYp4HNFF0Js/Og6q2i++KXbg0gHCwM=
golang.org/x/sync v0.21.0/go.mod h1:9xrNwdLfx4jkKbNva9FpL6vEN7evnE43NNNJQ2LF3+0=
golang.org/x/sync v0.22.0 h1:SZjpbeLmrCk4xhRSZFNZW5gFUeCeFgjekvI/+gfScek=
golang.org/x/sync v0.22.0/go.mod h1:9xrNwdLfx4jkKbNva9FpL6vEN7evnE43NNNJQ2LF3+0=
golang.org/x/sys v0.6.0/go.mod h1:oPkhp1MJrh7nUepCBck5+mAzfO9JrbApNNgaTdGDITg=
golang.org/x/sys v0.42.0 h1:omrd2nAlyT5ESRdCLYdm3+fMfNFE/+Rf4bDIQImRJeo=
golang.org/x/sys v0.42.0/go.mod h1:4GL1E5IUh+htKOUEOaiffhrAeqysfVGipDYzABqnCmw=
golang.org/x/sys v0.46.0 h1:noSf2Fq6F8DBgS+LysIkx7rIExoNHJsxOAtPp4rthXw=
golang.org/x/sys v0.46.0/go.mod h1:4GL1E5IUh+htKOUEOaiffhrAeqysfVGipDYzABqnCmw=
golang.org/x/sys v0.47.0 h1:o7XGOvZQCADBQQ4Y7VNq2dRWQR7JmOUW8Kxx4ZsNgWs=
golang.org/x/sys v0.47.0/go.mod h1:4GL1E5IUh+htKOUEOaiffhrAeqysfVGipDYzABqnCmw=
golang.org/x/telemetry v0.0.0-20260708182218-49f421fb7959 h1:RJhm5l6Fo4rmEIcndxDllNhhf/fAx8qIm4t6A7vpm2A=
golang.org/x/telemetry v0.0.0-20260708182218-49f421fb7959/go.mod h1:LV7u5Oco+Z/g6XI7PqN+EUUUGGkEcmB1uj2ceI0fOVg=
golang.org/x/tools v0.47.0 h1:7Kn5x/d1svx/PzryTsqeoZN4TZwqeH5pGWjefhLi/1Q=
golang.org/x/tools v0.47.0/go.mod h1:dFHnyTvFWY212G+h7ZY4Vsp/K3U4/7W9TyVaAul8uCA=
golang.org/x/tools v0.48.0 h1:3+hClM1aLL5mjMKm5ovokw9epgRXPuu2tILgismM6RE=
golang.org/x/tools v0.48.0/go.mod h1:08xX0orndb/F7jJxGDicx061tyd5pcMto75YMAXr6lk=
golang.org/x/vuln v1.6.0 h1:FeMO9Rm/HwyduOztbvKcOw+zvDEPr4I4aQNSfevFcKY=
golang.org/x/vuln v1.6.0/go.mod h1:bWlG2493/sjR7ksvicBgMrznH3eYQEyK8ifUYBrqUbg=
